{
  "name": "repo-shemi-roamer",
  "version": "0.2.0",
  "lockfileVersion": 3,
  "requires": true,
  "packages": {
    "": {
      "name": "repo-shemi-roamer",
      "version": "0.2.0",
      "license": "MIT",
      "bin": {
        "shemi": "bin/shemi-roamer.mjs"
      },
      "engines": {
        "node": ">=20"
      }
    }
  }
}
